
Microsoft Visual Studio Solution File, Format Version 12.00
# Visual Studio Version 17
VisualStudioVersion = 17.3.32825.248
MinimumVisualStudioVersion = 10.0.40219.1
Project("{9A19103F-16F7-4668-BE54-9A1E7A4F7556}") = "OmegaSudokuSolver", "OmegaSudokuSolver.csproj", "{CD4858F6-BD03-4493-9476-5CE51FC2DCF0}"
EndProject
Project("{FAE04EC0-301F-11D3-BF4B-00C04F79EFBC}") = "OmegaSudokuTester", "..\OmegaSudokuTester\OmegaSudokuTester.csproj", "{C4E82F69-6278-45E7-9A9D-04E8FCEDE23A}"
EndProject
Global
	GlobalSection(SolutionConfigurationPlatforms) = preSolution
		Debug|Any CPU = Debug|Any CPU
		Release|Any CPU = Release|Any CPU
	EndGlobalSection
	GlobalSection(ProjectConfigurationPlatforms) = postSolution
		{CD4858F6-BD03-4493-9476-5CE51FC2DCF0}.Debug|Any CPU.ActiveCfg = Debug|Any CPU
		{CD4858F6-BD03-4493-9476-5CE51FC2DCF0}.Debug|Any CPU.Build.0 = Debug|Any CPU
		{CD4858F6-BD03-4493-9476-5CE51FC2DCF0}.Release|Any CPU.ActiveCfg = Release|Any CPU
		{CD4858F6-BD03-4493-9476-5CE51FC2DCF0}.Release|Any CPU.Build.0 = Release|Any CPU
		{C4E82F69-6278-45E7-9A9D-04E8FCEDE23A}.Debug|Any CPU.ActiveCfg = Debug|Any CPU
		{C4E82F69-6278-45E7-9A9D-04E8FCEDE23A}.Debug|Any CPU.Build.0 = Debug|Any CPU
		{C4E82F69-6278-45E7-9A9D-04E8FCEDE23A}.Release|Any CPU.ActiveCfg = Release|Any CPU
		{C4E82F69-6278-45E7-9A9D-04E8FCEDE23A}.Release|Any CPU.Build.0 = Release|Any CPU
	EndGlobalSection
	GlobalSection(SolutionProperties) = preSolution
		HideSolutionNode = FALSE
	EndGlobalSection
	GlobalSection(ExtensibilityGlobals) = postSolution
		SolutionGuid = {A0B47180-2E0B-473B-95F6-487BF1FD9BB5}
	EndGlobalSection
EndGlobal
